PODS:
  - Charts (3.0.1):
    - Charts/Core (= 3.0.1)
  - Charts/Core (3.0.1)
  - Realm (2.2.0):
    - Realm/Headers (= 2.2.0)
  - Realm/Headers (2.2.0)
  - RealmSwift (2.2.0):
    - Realm (= 2.2.0)

DEPENDENCIES:
  - Charts
  - RealmSwift

SPEC CHECKSUMS:
  Charts: 0e84f4418e87dad6a9edde221fba37ebb51d3ba7
  Realm: d95b8fb34c83f1e764b66d319277a62c2b6e4bf5
  RealmSwift: a4fa52d06e946a32ec746b3388374f742e6b8731

PODFILE CHECKSUM: 4fe8531fc30f891929eee8e4980d467a3a4a7298

COCOAPODS: 1.2.1
